// !$*UTF8*$!
{
	archiveVersion = 1;
	classes = {
	};
	objectVersion = 46;
	objects = {

/* Begin PBXBuildFile section */
		8CFC16451D7EA2B400A99C56 /* AppDelegate.swift in Sources */ = {isa = PBXBuildFile; fileRef = 8CFC16441D7EA2B400A99C56 /* AppDelegate.swift */; };
		8CFC16471D7EA2B400A99C56 /* ViewController.swift in Sources */ = {isa = PBXBuildFile; fileRef = 8CFC16461D7EA2B400A99C56 /* ViewController.swift */; };
		8CFC164A1D7EA2B400A99C56 /* Main.storyboard in Resources */ = {isa = PBXBuildFile; fileRef = 8CFC16481D7EA2B400A99C56 /* Main.storyboard */; };
		8CFC164C1D7EA2B400A99C56 /* Assets.xcassets in Resources */ = {isa = PBXBuildFile; fileRef = 8CFC164B1D7EA2B400A99C56 /* Assets.xcassets */; };
		8CFC164F1D7EA2B400A99C56 /* LaunchScreen.storyboard in Resources */ = {isa = PBXBuildFile; fileRef = 8CFC164D1D7EA2B400A99C56 /* LaunchScreen.storyboard */; };
		8CFC165A1D7EA2B400A99C56 /* PartyHunterTests.swift in Sources */ = {isa = PBXBuildFile; fileRef = 8CFC16591D7EA2B400A99C56 /* PartyHunterTests.swift */; };
		8CFC16651D7EA2B400A99C56 /* PartyHunterUITests.swift in Sources */ = {isa = PBXBuildFile; fileRef = 8CFC16641D7EA2B400A99C56 /* PartyHunterUITests.swift */; };
/* End PBXBuildFile section */

/* Begin PBXContainerItemProxy section */
		8CFC16561D7EA2B400A99C56 /* PBXContainerItemProxy */ = {
			isa = PBXContainerItemProxy;
			containerPortal = 8CFC16391D7EA2B400A99C56 /* Project object */;
			proxyType = 1;
			remoteGlobalIDString = 8CFC16401D7EA2B400A99C56;
			remoteInfo = PartyHunter;
		};
		8CFC16611D7EA2B400A99C56 /* PBXContainerItemProxy */ = {
			isa = PBXContainerItemProxy;
			containerPortal = 8CFC16391D7EA2B400A99C56 /* Project object */;
			proxyType = 1;
			remoteGlobalIDString = 8CFC16401D7EA2B400A99C56;
			remoteInfo = PartyHunter;
		};
/* End PBXContainerItemProxy section */

/* Begin PBXFileReference section */
		8CFC16411D7EA2B400A99C56 /* PartyHunter.app */ = {isa = PBXFileReference; explicitFileType = wrapper.application; includeInIndex = 0; path = PartyHunter.app; sourceTree = BUILT_PRODUCTS_DIR; };
		8CFC16441D7EA2B400A99C56 /* AppDelegate.swift */ = {isa = PBXFileReference; lastKnownFileType = sourcecode.swift; path = AppDelegate.swift; sourceTree = "<group>"; };
		8CFC16461D7EA2B400A99C56 /* ViewController.swift */ = {isa = PBXFileReference; lastKnownFileType = sourcecode.swift; path = ViewController.swift; sourceTree = "<group>"; };
		8CFC16491D7EA2B400A99C56 /* Base */ = {isa = PBXFileReference; lastKnownFileType = file.storyboard; name = Base; path = Base.lproj/Main.storyboard; sourceTree = "<group>"; };
		8CFC164B1D7EA2B400A99C56 /* Assets.xcassets */ = {isa = PBXFileReference; lastKnownFileType = folder.assetcatalog; path = Assets.xcassets; sourceTree = "<group>"; };
		8CFC164E1D7EA2B400A99C56 /* Base */ = {isa = PBXFileReference; lastKnownFileType = file.storyboard; name = Base; path = Base.lproj/LaunchScreen.storyboard; sourceTree = "<group>"; };
		8CFC16501D7EA2B400A99C56 /* Info.plist */ = {isa = PBXFileReference; lastKnownFileType = text.plist.xml; path = Info.plist; sourceTree = "<group>"; };
		8CFC16551D7EA2B400A99C56 /* PartyHunterTests.xctest */ = {isa = PBXFileReference; explicitFileType = wrapper.cfbundle; includeInIndex = 0; path = PartyHunterTests.xctest; sourceTree = BUILT_PRODUCTS_DIR; };
		8CFC16591D7EA2B400A99C56 /* PartyHunterTests.swift */ = {isa = PBXFileReference; lastKnownFileType = sourcecode.swift; path = PartyHunterTests.swift; sourceTree = "<group>"; };
		8CFC165B1D7EA2B400A99C56 /* Info.plist */ = {isa = PBXFileReference; lastKnownFileType = text.plist.xml; path = Info.plist; sourceTree = "<group>"; };
		8CFC16601D7EA2B400A99C56 /* PartyHunterUITests.xctest */ = {isa = PBXFileReference; explicitFileType = wrapper.cfbundle; includeInIndex = 0; path = PartyHunterUITests.xctest; sourceTree = BUILT_PRODUCTS_DIR; };
		8CFC16641D7EA2B400A99C56 /* PartyHunterUITests.swift */ = {isa = PBXFileReference; lastKnownFileType = sourcecode.swift; path = PartyHunterUITests.swift; sourceTree = "<group>"; };
		8CFC16661D7EA2B400A99C56 /* Info.plist */ = {isa = PBXFileReference; lastKnownFileType = text.plist.xml; path = Info.plist; sourceTree = "<group>"; };
/* End PBXFileReference section */

/* Begin PBXFrameworksBuildPhase section */
		8CFC163E1D7EA2B400A99C56 /* Frameworks */ = {
			isa = PBXFrameworksBuildPhase;
			buildActionMask = 2147483647;
			files = (
			);
			runOnlyForDeploymentPostprocessing = 0;
		};
		8CFC16521D7EA2B400A99C56 /* Frameworks */ = {
			isa = PBXFrameworksBuildPhase;
			buildActionMask = 2147483647;
			files = (
			);
			runOnlyForDeploymentPostprocessing = 0;
		};
		8CFC165D1D7EA2B400A99C56 /* Frameworks */ = {
			isa = PBXFrameworksBuildPhase;
			buildActionMask = 2147483647;
			files = (
			);
			runOnlyForDeploymentPostprocessing = 0;
		};
/* End PBXFrameworksBuildPhase section */

/* Begin PBXGroup section */
		8CFC16381D7EA2B400A99C56 = {
			isa = PBXGroup;
			children = (
				8CFC16431D7EA2B400A99C56 /* PartyHunter */,
				8CFC16581D7EA2B400A99C56 /* PartyHunterTests */,
				8CFC16631D7EA2B400A99C56 /* PartyHunterUITests */,
				8CFC16421D7EA2B400A99C56 /* Products */,
			);
			sourceTree = "<group>";
		};
		8CFC16421D7EA2B400A99C56 /* Products */ = {
			isa = PBXGroup;
			children = (
				8CFC16411D7EA2B400A99C56 /* PartyHunter.app */,
				8CFC16551D7EA2B400A99C56 /* PartyHunterTests.xctest */,
				8CFC16601D7EA2B400A99C56 /* PartyHunterUITests.xctest */,
			);
			name = Products;
			sourceTree = "<group>";
		};
		8CFC16431D7EA2B400A99C56 /* PartyHunter */ = {
			isa = PBXGroup;
			children = (
				8CFC16441D7EA2B400A99C56 /* AppDelegate.swift */,
				8CFC16461D7EA2B400A99C56 /* ViewController.swift */,
				8CFC16481D7EA2B400A99C56 /* Main.storyboard */,
				8CFC164B1D7EA2B400A99C56 /* Assets.xcassets */,
				8CFC164D1D7EA2B400A99C56 /* LaunchScreen.storyboard */,
				8CFC16501D7EA2B400A99C56 /* Info.plist */,
			);
			path = PartyHunter;
			sourceTree = "<group>";
		};
		8CFC16581D7EA2B400A99C56 /* PartyHunterTests */ = {
			isa = PBXGroup;
			children = (
				8CFC16591D7EA2B400A99C56 /* PartyHunterTests.swift */,
				8CFC165B1D7EA2B400A99C56 /* Info.plist */,
			);
			path = PartyHunterTests;
			sourceTree = "<group>";
		};
		8CFC16631D7EA2B400A99C56 /* PartyHunterUITests */ = {
			isa = PBXGroup;
			children = (
				8CFC16641D7EA2B400A99C56 /* PartyHunterUITests.swift */,
				8CFC16661D7EA2B400A99C56 /* Info.plist */,
			);
			path = PartyHunterUITests;
			sourceTree = "<group>";
		};
/* End PBXGroup section */

/* Begin PBXNativeTarget section */
		8CFC16401D7EA2B400A99C56 /* PartyHunter */ = {
			isa = PBXNativeTarget;
			buildConfigurationList = 8CFC16691D7EA2B400A99C56 /* Build configuration list for PBXNativeTarget "PartyHunter" */;
			buildPhases = (
				8CFC163D1D7EA2B400A99C56 /* Sources */,
				8CFC163E1D7EA2B400A99C56 /* Frameworks */,
				8CFC163F1D7EA2B400A99C56 /* Resources */,
			);
			buildRules = (
			);
			dependencies = (
			);
			name = PartyHunter;
			productName = PartyHunter;
			productReference = 8CFC16411D7EA2B400A99C56 /* PartyHunter.app */;
			productType = "com.apple.product-type.application";
		};
		8CFC16541D7EA2B400A99C56 /* PartyHunterTests */ = {
			isa = PBXNativeTarget;
			buildConfigurationList = 8CFC166C1D7EA2B400A99C56 /* Build configuration list for PBXNativeTarget "PartyHunterTests" */;
			buildPhases = (
				8CFC16511D7EA2B400A99C56 /* Sources */,
				8CFC16521D7EA2B400A99C56 /* Frameworks */,
				8CFC16531D7EA2B400A99C56 /* Resources */,
			);
			buildRules = (
			);
			dependencies = (
				8CFC16571D7EA2B400A99C56 /* PBXTargetDependency */,
			);
			name = PartyHunterTests;
			productName = PartyHunterTests;
			productReference = 8CFC16551D7EA2B400A99C56 /* PartyHunterTests.xctest */;
			productType = "com.apple.product-type.bundle.unit-test";
		};
		8CFC165F1D7EA2B400A99C56 /* PartyHunterUITests */ = {
			isa = PBXNativeTarget;
			buildConfigurationList = 8CFC166F1D7EA2B400A99C56 /* Build configuration list for PBXNativeTarget "PartyHunterUITests" */;
			buildPhases = (
				8CFC165C1D7EA2B400A99C56 /* Sources */,
				8CFC165D1D7EA2B400A99C56 /* Frameworks */,
				8CFC165E1D7EA2B400A99C56 /* Resources */,
			);
			buildRules = (
			);
			dependencies = (
				8CFC16621D7EA2B400A99C56 /* PBXTargetDependency */,
			);
			name = PartyHunterUITests;
			productName = PartyHunterUITests;
			productReference = 8CFC16601D7EA2B400A99C56 /* PartyHunterUITests.xctest */;
			productType = "com.apple.product-type.bundle.ui-testing";
		};
/* End PBXNativeTarget section */

/* Begin PBXProject section */
		8CFC16391D7EA2B400A99C56 /* Project object */ = {
			isa = PBXProject;
			attributes = {
				LastSwiftUpdateCheck = 0730;
				LastUpgradeCheck = 0730;
				ORGANIZATIONNAME = Hinters;
				TargetAttributes = {
					8CFC16401D7EA2B400A99C56 = {
						CreatedOnToolsVersion = 7.3.1;
						DevelopmentTeam = KQW9PQ8LNW;
					};
					8CFC16541D7EA2B400A99C56 = {
						CreatedOnToolsVersion = 7.3.1;
						DevelopmentTeam = KQW9PQ8LNW;
						TestTargetID = 8CFC16401D7EA2B400A99C56;
					};
					8CFC165F1D7EA2B400A99C56 = {
						CreatedOnToolsVersion = 7.3.1;
						DevelopmentTeam = KQW9PQ8LNW;
						TestTargetID = 8CFC16401D7EA2B400A99C56;
					};
				};
			};
			buildConfigurationList = 8CFC163C1D7EA2B400A99C56 /* Build configuration list for PBXProject "PartyHunter" */;
			compatibilityVersion = "Xcode 3.2";
			developmentRegion = English;
			hasScannedForEncodings = 0;
			knownRegions = (
				en,
				Base,
			);
			mainGroup = 8CFC16381D7EA2B400A99C56;
			productRefGroup = 8CFC16421D7EA2B400A99C56 /* Products */;
			projectDirPath = "";
			projectRoot = "";
			targets = (
				8CFC16401D7EA2B400A99C56 /* PartyHunter */,
				8CFC16541D7EA2B400A99C56 /* PartyHunterTests */,
				8CFC165F1D7EA2B400A99C56 /* PartyHunterUITests */,
			);
		};
/* End PBXProject section */

/* Begin PBXResourcesBuildPhase section */
		8CFC163F1D7EA2B400A99C56 /* Resources */ = {
			isa = PBXResourcesBuildPhase;
			buildActionMask = 2147483647;
			files = (
				8CFC164F1D7EA2B400A99C56 /* LaunchScreen.storyboard in Resources */,
				8CFC164C1D7EA2B400A99C56 /* Assets.xcassets in Resources */,
				8CFC164A1D7EA2B400A99C56 /* Main.storyboard in Resources */,
			);
			runOnlyForDeploymentPostprocessing = 0;
		};
		8CFC16531D7EA2B400A99C56 /* Resources */ = {
			isa = PBXResourcesBuildPhase;
			buildActionMask = 2147483647;
			files = (
			);
			runOnlyForDeploymentPostprocessing = 0;
		};
		8CFC165E1D7EA2B400A99C56 /* Resources */ = {
			isa = PBXResourcesBuildPhase;
			buildActionMask = 2147483647;
			files = (
			);
			runOnlyForDeploymentPostprocessing = 0;
		};
/* End PBXResourcesBuildPhase section */

/* Begin PBXSourcesBuildPhase section */
		8CFC163D1D7EA2B400A99C56 /* Sources */ = {
			isa = PBXSourcesBuildPhase;
			buildActionMask = 2147483647;
			files = (
				8CFC16471D7EA2B400A99C56 /* ViewController.swift in Sources */,
				8CFC16451D7EA2B400A99C56 /* AppDelegate.swift in Sources */,
			);
			runOnlyForDeploymentPostprocessing = 0;
		};
		8CFC16511D7EA2B400A99C56 /* Sources */ = {
			isa = PBXSourcesBuildPhase;
			buildActionMask = 2147483647;
			files = (
				8CFC165A1D7EA2B400A99C56 /* PartyHunterTests.swift in Sources */,
			);
			runOnlyForDeploymentPostprocessing = 0;
		};
		8CFC165C1D7EA2B400A99C56 /* Sources */ = {
			isa = PBXSourcesBuildPhase;
			buildActionMask = 2147483647;
			files = (
				8CFC16651D7EA2B400A99C56 /* PartyHunterUITests.swift in Sources */,
			);
			runOnlyForDeploymentPostprocessing = 0;
		};
/* End PBXSourcesBuildPhase section */

/* Begin PBXTargetDependency section */
		8CFC16571D7EA2B400A99C56 /* PBXTargetDependency */ = {
			isa = PBXTargetDependency;
			target = 8CFC16401D7EA2B400A99C56 /* PartyHunter */;
			targetProxy = 8CFC16561D7EA2B400A99C56 /* PBXContainerItemProxy */;
		};
		8CFC16621D7EA2B400A99C56 /* PBXTargetDependency */ = {
			isa = PBXTargetDependency;
			target = 8CFC16401D7EA2B400A99C56 /* PartyHunter */;
			targetProxy = 8CFC16611D7EA2B400A99C56 /* PBXContainerItemProxy */;
		};
/* End PBXTargetDependency section */

/* Begin PBXVariantGroup section */
		8CFC16481D7EA2B400A99C56 /* Main.storyboard */ = {
			isa = PBXVariantGroup;
			children = (
				8CFC16491D7EA2B400A99C56 /* Base */,
			);
			name = Main.storyboard;
			sourceTree = "<group>";
		};
		8CFC164D1D7EA2B400A99C56 /* LaunchScreen.storyboard */ = {
			isa = PBXVariantGroup;
			children = (
				8CFC164E1D7EA2B400A99C56 /* Base */,
			);
			name = LaunchScreen.storyboard;
			sourceTree = "<group>";
		};
/* End PBXVariantGroup section */

/* Begin XCBuildConfiguration section */
		8CFC16671D7EA2B400A99C56 /* Debug */ = {
			isa = XCBuildConfiguration;
			buildSettings = {
				ALWAYS_SEARCH_USER_PATHS = NO;
				CLANG_ANALYZER_NONNULL = YES;
				CLANG_CXX_LANGUAGE_STANDARD = "gnu++0x";
				CLANG_CXX_LIBRARY = "libc++";
				CLANG_ENABLE_MODULES = YES;
				CLANG_ENABLE_OBJC_ARC = YES;
				CLANG_WARN_BOOL_CONVERSION = YES;
				CLANG_WARN_CONSTANT_CONVERSION = YES;
				CLANG_WARN_DIRECT_OBJC_ISA_USAGE = YES_ERROR;
				CLANG_WARN_EMPTY_BODY = YES;
				CLANG_WARN_ENUM_CONVERSION = YES;
				CLANG_WARN_INT_CONVERSION = YES;
				CLANG_WARN_OBJC_ROOT_CLASS = YES_ERROR;
				CLANG_WARN_UNREACHABLE_CODE = YES;
				CLANG_WARN__DUPLICATE_METHOD_MATCH = YES;
				"CODE_SIGN_IDENTITY[sdk=iphoneos*]" = "iPhone Developer";
				COPY_PHASE_STRIP = NO;
				DEBUG_INFORMATION_FORMAT = dwarf;
				ENABLE_STRICT_OBJC_MSGSEND = YES;
				ENABLE_TESTABILITY = YES;
				GCC_C_LANGUAGE_STANDARD = gnu99;
				GCC_DYNAMIC_NO_PIC = NO;
				GCC_NO_COMMON_BLOCKS = YES;
				GCC_OPTIMIZATION_LEVEL = 0;
				GCC_PREPROCESSOR_DEFINITIONS = (
					"DEBUG=1",
					"$(inherited)",
				);
				GCC_WARN_64_TO_32_BIT_CONVERSION = YES;
				GCC_WARN_ABOUT_RETURN_TYPE = YES_ERROR;
				GCC_WARN_UNDECLARED_SELECTOR = YES;
				GCC_WARN_UNINITIALIZED_AUTOS = YES_AGGRESSIVE;
				GCC_WARN_UNUSED_FUNCTION = YES;
				GCC_WARN_UNUSED_VARIABLE = YES;
				IPHONEOS_DEPLOYMENT_TARGET = 9.3;
				MTL_ENABLE_DEBUG_INFO = YES;
				ONLY_ACTIVE_ARCH = YES;
				SDKROOT = iphoneos;
				SWIFT_OPTIMIZATION_LEVEL = "-Onone";
			};
			name = Debug;
		};
		8CFC16681D7EA2B400A99C56 /* Release */ = {
			isa = XCBuildConfiguration;
			buildSettings = {
				ALWAYS_SEARCH_USER_PATHS = NO;
				CLANG_ANALYZER_NONNULL = YES;
				CLANG_CXX_LANGUAGE_STANDARD = "gnu++0x";
				CLANG_CXX_LIBRARY = "libc++";
				CLANG_ENABLE_MODULES = YES;
				CLANG_ENABLE_OBJC_ARC = YES;
				CLANG_WARN_BOOL_CONVERSION = YES;
				CLANG_WARN_CONSTANT_CONVERSION = YES;
				CLANG_WARN_DIRECT_OBJC_ISA_USAGE = YES_ERROR;
				CLANG_WARN_EMPTY_BODY = YES;
				CLANG_WARN_ENUM_CONVERSION = YES;
				CLANG_WARN_INT_CONVERSION = YES;
				CLANG_WARN_OBJC_ROOT_CLASS = YES_ERROR;
				CLANG_WARN_UNREACHABLE_CODE = YES;
				CLANG_WARN__DUPLICATE_METHOD_MATCH = YES;
				"CODE_SIGN_IDENTITY[sdk=iphoneos*]" = "iPhone Developer";
				COPY_PHASE_STRIP = NO;
				DEBUG_INFORMATION_FORMAT = "dwarf-with-dsym";
				ENABLE_NS_ASSERTIONS = NO;
				ENABLE_STRICT_OBJC_MSGSEND = YES;
				GCC_C_LANGUAGE_STANDARD = gnu99;
				GCC_NO_COMMON_BLOCKS = YES;
				GCC_WARN_64_TO_32_BIT_CONVERSION = YES;
				GCC_WARN_ABOUT_RETURN_TYPE = YES_ERROR;
				GCC_WARN_UNDECLARED_SELECTOR = YES;
				GCC_WARN_UNINITIALIZED_AUTOS = YES_AGGRESSIVE;
				GCC_WARN_UNUSED_FUNCTION = YES;
				GCC_WARN_UNUSED_VARIABLE = YES;
				IPHONEOS_DEPLOYMENT_TARGET = 9.3;
				MTL_ENABLE_DEBUG_INFO = NO;
				SDKROOT = iphoneos;
				VALIDATE_PRODUCT = YES;
			};
			name = Release;
		};
		8CFC166A1D7EA2B400A99C56 /* Debug */ = {
			isa = XCBuildConfiguration;
			buildSettings = {
				ASSETCATALOG_COMPILER_APPICON_NAME = AppIcon;
				INFOPLIST_FILE = PartyHunter/Info.plist;
				LD_RUNPATH_SEARCH_PATHS = "$(inherited) @executable_path/Frameworks";
				PRODUCT_BUNDLE_IDENTIFIER = com.PartyHunter;
				PRODUCT_NAME = "$(TARGET_NAME)";
			};
			name = Debug;
		};
		8CFC166B1D7EA2B400A99C56 /* Release */ = {
			isa = XCBuildConfiguration;
			buildSettings = {
				ASSETCATALOG_COMPILER_APPICON_NAME = AppIcon;
				INFOPLIST_FILE = PartyHunter/Info.plist;
				LD_RUNPATH_SEARCH_PATHS = "$(inherited) @executable_path/Frameworks";
				PRODUCT_BUNDLE_IDENTIFIER = com.PartyHunter;
				PRODUCT_NAME = "$(TARGET_NAME)";
			};
			name = Release;
		};
		8CFC166D1D7EA2B400A99C56 /* Debug */ = {
			isa = XCBuildConfiguration;
			buildSettings = {
				BUNDLE_LOADER = "$(TEST_HOST)";
				INFOPLIST_FILE = PartyHunterTests/Info.plist;
				LD_RUNPATH_SEARCH_PATHS = "$(inherited) @executable_path/Frameworks @loader_path/Frameworks";
				PRODUCT_BUNDLE_IDENTIFIER = com.PartyHunterTests;
				PRODUCT_NAME = "$(TARGET_NAME)";
				TEST_HOST = "$(BUILT_PRODUCTS_DIR)/PartyHunter.app/PartyHunter";
			};
			name = Debug;
		};
		8CFC166E1D7EA2B400A99C56 /* Release */ = {
			isa = XCBuildConfiguration;
			buildSettings = {
				BUNDLE_LOADER = "$(TEST_HOST)";
				INFOPLIST_FILE = PartyHunterTests/Info.plist;
				LD_RUNPATH_SEARCH_PATHS = "$(inherited) @executable_path/Frameworks @loader_path/Frameworks";
				PRODUCT_BUNDLE_IDENTIFIER = com.PartyHunterTests;
				PRODUCT_NAME = "$(TARGET_NAME)";
				TEST_HOST = "$(BUILT_PRODUCTS_DIR)/PartyHunter.app/PartyHunter";
			};
			name = Release;
		};
		8CFC16701D7EA2B400A99C56 /* Debug */ = {
			isa = XCBuildConfiguration;
			buildSettings = {
				INFOPLIST_FILE = PartyHunterUITests/Info.plist;
				LD_RUNPATH_SEARCH_PATHS = "$(inherited) @executable_path/Frameworks @loader_path/Frameworks";
				PRODUCT_BUNDLE_IDENTIFIER = com.PartyHunterUITests;
				PRODUCT_NAME = "$(TARGET_NAME)";
				TEST_TARGET_NAME = PartyHunter;
			};
			name = Debug;
		};
		8CFC16711D7EA2B400A99C56 /* Release */ = {
			isa = XCBuildConfiguration;
			buildSettings = {
				INFOPLIST_FILE = PartyHunterUITests/Info.plist;
				LD_RUNPATH_SEARCH_PATHS = "$(inherited) @executable_path/Frameworks @loader_path/Frameworks";
				PRODUCT_BUNDLE_IDENTIFIER = com.PartyHunterUITests;
				PRODUCT_NAME = "$(TARGET_NAME)";
				TEST_TARGET_NAME = PartyHunter;
			};
			name = Release;
		};
/* End XCBuildConfiguration section */

/* Begin XCConfigurationList section */
		8CFC163C1D7EA2B400A99C56 /* Build configuration list for PBXProject "PartyHunter" */ = {
			isa = XCConfigurationList;
			buildConfigurations = (
				8CFC16671D7EA2B400A99C56 /* Debug */,
				8CFC16681D7EA2B400A99C56 /* Release */,
			);
			defaultConfigurationIsVisible = 0;
			defaultConfigurationName = Release;
		};
		8CFC16691D7EA2B400A99C56 /* Build configuration list for PBXNativeTarget "PartyHunter" */ = {
			isa = XCConfigurationList;
			buildConfigurations = (
				8CFC166A1D7EA2B400A99C56 /* Debug */,
				8CFC166B1D7EA2B400A99C56 /* Release */,
			);
			defaultConfigurationIsVisible = 0;
		};
		8CFC166C1D7EA2B400A99C56 /* Build configuration list for PBXNativeTarget "PartyHunterTests" */ = {
			isa = XCConfigurationList;
			buildConfigurations = (
				8CFC166D1D7EA2B400A99C56 /* Debug */,
				8CFC166E1D7EA2B400A99C56 /* Release */,
			);
			defaultConfigurationIsVisible = 0;
		};
		8CFC166F1D7EA2B400A99C56 /* Build configuration list for PBXNativeTarget "PartyHunterUITests" */ = {
			isa = XCConfigurationList;
			buildConfigurations = (
				8CFC16701D7EA2B400A99C56 /* Debug */,
				8CFC16711D7EA2B400A99C56 /* Release */,
			);
			defaultConfigurationIsVisible = 0;
		};
/* End XCConfigurationList section */
	};
	rootObject = 8CFC16391D7EA2B400A99C56 /* Project object */;
}
